# THIS IS AN AUTOGENERATED FILE. DO NOT EDIT THIS FILE DIRECTLY.
# yarn lockfile v1


"@react-oauth/google@^0.12.1":
  version "0.12.1"
  resolved "https://registry.yarnpkg.com/@react-oauth/google/-/google-0.12.1.tgz#b76432c3a525e9afe076f787d2ded003fcc1bee9"
  integrity sha512-qagsy22t+7UdkYAiT5ZhfM4StXi9PPNvw0zuwNmabrWyMKddczMtBIOARflbaIj+wHiQjnMAsZmzsUYuXeyoSg==

typescript@^5:
  version "5.5.2"
  resolved "https://registry.yarnpkg.com/typescript/-/typescript-5.5.2.tgz#c26f023cb0054e657ce04f72583ea2d85f8d0507"
  integrity sha512-NcRtPEOsPFFWjobJEtfihkLCZCXZt/os3zf8nTxjVH3RvTSxjrCamJpbExGvYOF+tFHc3pA65qpdwPbzjohhew==
